
Microsoft Visual Studio Solution File, Format Version 12.00
# Visual Studio Version 17
VisualStudioVersion = 17.9.34701.34
MinimumVisualStudioVersion = 10.0.40219.1
Project("{FAE04EC0-301F-11D3-BF4B-00C04F79EFBC}") = "Edabit.Tests", "Edabit.Tests\Edabit.Tests.csproj", "{A47D6FEC-419E-49AC-9EDA-8201B3CB120B}"
EndProject
Project("{FAE04EC0-301F-11D3-BF4B-00C04F79EFBC}") = "Edabit.Core", "Edabit.Core\Edabit.Core.csproj", "{747EFFBF-2CD5-42F4-942C-6E4FCB200B5C}"
EndProject
Project("{FAE04EC0-301F-11D3-BF4B-00C04F79EFBC}") = "Edabit.NUnit", "Edabit.NUnit\Edabit.NUnit.csproj", "{4E63C164-577D-4F96-BCD5-60C0077B1396}"
EndProject
Global
	GlobalSection(SolutionConfigurationPlatforms) = preSolution
		Debug|Any CPU = Debug|Any CPU
		Release|Any CPU = Release|Any CPU
	EndGlobalSection
	GlobalSection(ProjectConfigurationPlatforms) = postSolution
		{A47D6FEC-419E-49AC-9EDA-8201B3CB120B}.Debug|Any CPU.ActiveCfg = Debug|Any CPU
		{A47D6FEC-419E-49AC-9EDA-8201B3CB120B}.Debug|Any CPU.Build.0 = Debug|Any CPU
		{A47D6FEC-419E-49AC-9EDA-8201B3CB120B}.Release|Any CPU.ActiveCfg = Release|Any CPU
		{A47D6FEC-419E-49AC-9EDA-8201B3CB120B}.Release|Any CPU.Build.0 = Release|Any CPU
		{747EFFBF-2CD5-42F4-942C-6E4FCB200B5C}.Debug|Any CPU.ActiveCfg = Debug|Any CPU
		{747EFFBF-2CD5-42F4-942C-6E4FCB200B5C}.Debug|Any CPU.Build.0 = Debug|Any CPU
		{747EFFBF-2CD5-42F4-942C-6E4FCB200B5C}.Release|Any CPU.ActiveCfg = Release|Any CPU
		{747EFFBF-2CD5-42F4-942C-6E4FCB200B5C}.Release|Any CPU.Build.0 = Release|Any CPU
		{4E63C164-577D-4F96-BCD5-60C0077B1396}.Debug|Any CPU.ActiveCfg = Debug|Any CPU
		{4E63C164-577D-4F96-BCD5-60C0077B1396}.Debug|Any CPU.Build.0 = Debug|Any CPU
		{4E63C164-577D-4F96-BCD5-60C0077B1396}.Release|Any CPU.ActiveCfg = Release|Any CPU
		{4E63C164-577D-4F96-BCD5-60C0077B1396}.Release|Any CPU.Build.0 = Release|Any CPU
	EndGlobalSection
	GlobalSection(SolutionProperties) = preSolution
		HideSolutionNode = FALSE
	EndGlobalSection
	GlobalSection(ExtensibilityGlobals) = postSolution
		SolutionGuid = {1E445EAC-482F-4C95-B09E-B9FDDC92F753}
	EndGlobalSection
	GlobalSection(NestedProjects) = preSolution
		{A47D6FEC-419E-49AC-9EDA-8201B3CB120B} = {A47D6FEC-419E-49AC-9EDA-8201B3CB120B}
	EndGlobalSection
EndGlobal
